
Microsoft Visual Studio Solution File, Format Version 12.00
# Visual Studio Version 16
VisualStudioVersion = 16.0.32413.511
MinimumVisualStudioVersion = 10.0.40219.1
Project("{FAE04EC0-301F-11D3-BF4B-00C04F79EFBC}") = "programming-languages", "programming-languages.csproj", "{B68F3861-BD0F-4A2E-B4B2-D7AABCE3B4D2}"
EndProject
Global
	GlobalSection(SolutionConfigurationPlatforms) = preSolution
		Debug|Any CPU = Debug|Any CPU
		Release|Any CPU = Release|Any CPU
	EndGlobalSection
	GlobalSection(ProjectConfigurationPlatforms) = postSolution
		{B68F3861-BD0F-4A2E-B4B2-D7AABCE3B4D2}.Debug|Any CPU.ActiveCfg = Debug|Any CPU
		{B68F3861-BD0F-4A2E-B4B2-D7AABCE3B4D2}.Debug|Any CPU.Build.0 = Debug|Any CPU
		{B68F3861-BD0F-4A2E-B4B2-D7AABCE3B4D2}.Release|Any CPU.ActiveCfg = Release|Any CPU
		{B68F3861-BD0F-4A2E-B4B2-D7AABCE3B4D2}.Release|Any CPU.Build.0 = Release|Any CPU
	EndGlobalSection
	GlobalSection(SolutionProperties) = preSolution
		HideSolutionNode = FALSE
	EndGlobalSection
	GlobalSection(ExtensibilityGlobals) = postSolution
		SolutionGuid = {C5B3CB29-2753-495F-9E50-ADBA4E3BF808}
	EndGlobalSection
EndGlobal
